
Microsoft Visual Studio Solution File, Format Version 12.00
# Visual Studio Version 17
VisualStudioVersion = 17.3.32825.248
MinimumVisualStudioVersion = 10.0.40219.1
Project("{8BC9CEB8-8B4A-11D0-8D11-00A0C91BC942}") = "BinaryTreeProject", "BinaryTreeProject\BinaryTreeProject.vcxproj", "{15B0F69C-51EC-4399-AC25-6FE9AA7674EA}"
EndProject
Global
	GlobalSection(SolutionConfigurationPlatforms) = preSolution
		Debug|x64 = Debug|x64
		Debug|x86 = Debug|x86
		Release|x64 = Release|x64
		Release|x86 = Release|x86
	EndGlobalSection
	GlobalSection(ProjectConfigurationPlatforms) = postSolution
		{15B0F69C-51EC-4399-AC25-6FE9AA7674EA}.Debug|x64.ActiveCfg = Debug|x64
		{15B0F69C-51EC-4399-AC25-6FE9AA7674EA}.Debug|x64.Build.0 = Debug|x64
		{15B0F69C-51EC-4399-AC25-6FE9AA7674EA}.Debug|x86.ActiveCfg = Debug|Win32
		{15B0F69C-51EC-4399-AC25-6FE9AA7674EA}.Debug|x86.Build.0 = Debug|Win32
		{15B0F69C-51EC-4399-AC25-6FE9AA7674EA}.Release|x64.ActiveCfg = Release|x64
		{15B0F69C-51EC-4399-AC25-6FE9AA7674EA}.Release|x64.Build.0 = Release|x64
		{15B0F69C-51EC-4399-AC25-6FE9AA7674EA}.Release|x86.ActiveCfg = Release|Win32
		{15B0F69C-51EC-4399-AC25-6FE9AA7674EA}.Release|x86.Build.0 = Release|Win32
	EndGlobalSection
	GlobalSection(SolutionProperties) = preSolution
		HideSolutionNode = FALSE
	EndGlobalSection
	GlobalSection(ExtensibilityGlobals) = postSolution
		SolutionGuid = {28261A90-F454-464C-A039-23A00F86884B}
	EndGlobalSection
EndGlobal
